Microsoft Visual Studio Solution File, Format Version 12.00
# Visual Studio Version 16
VisualStudioVersion = 16.0.29905.134
MinimumVisualStudioVersion = 10.0.40219.1
Project("{8BC9CEB8-8B4A-11D0-8D11-00A0C91BC942}") = "1112OOPMid01", "1112OOPMid01\1112OOPMid01.vcxproj", "{08E0AA88-2157-4845-BC6A-8006D18BD7E3}"
EndProject
Project("{8BC9CEB8-8B4A-11D0-8D11-00A0C91BC942}") = "1112OOPMid02", "1112OOPMid02\1112OOPMid02.vcxproj", "{197E823D-F4D0-4D4D-A713-0B2A768021AA}"
EndProject
Project("{8BC9CEB8-8B4A-11D0-8D11-00A0C91BC942}") = "1112OOPMid03", "1112OOPMid03\1112OOPMid03.vcxproj", "{8EA71E71-2840-4A2D-81F1-227875EEF9E2}"
EndProject
Project("{8BC9CEB8-8B4A-11D0-8D11-00A0C91BC942}") = "1112OOPMid04", "1112OOPMid04\1112OOPMid04.vcxproj", "{E399368A-F2DE-4ABF-998C-9C8034289991}"
EndProject
Project("{8BC9CEB8-8B4A-11D0-8D11-00A0C91BC942}") = "1112OOPMid05", "1112OOPMid05\1112OOPMid05.vcxproj", "{60A5429C-66C9-42D0-B8E8-886690C08EDE}"
EndProject
Project("{8BC9CEB8-8B4A-11D0-8D11-00A0C91BC942}") = "1112OOPMid06", "1112OOPMid06\1112OOPMid06.vcxproj", "{D32D22DA-D7ED-4E62-8C48-129CCF793B36}"
EndProject
Global
	GlobalSection(SolutionConfigurationPlatforms) = preSolution
		Debug|x64 = Debug|x64
		Debug|x86 = Debug|x86
		Release|x64 = Release|x64
		Release|x86 = Release|x86
	EndGlobalSection
	GlobalSection(ProjectConfigurationPlatforms) = postSolution
		{08E0AA88-2157-4845-BC6A-8006D18BD7E3}.Debug|x64.ActiveCfg = Debug|x64
		{08E0AA88-2157-4845-BC6A-8006D18BD7E3}.Debug|x64.Build.0 = Debug|x64
		{08E0AA88-2157-4845-BC6A-8006D18BD7E3}.Debug|x86.ActiveCfg = Debug|Win32
		{08E0AA88-2157-4845-BC6A-8006D18BD7E3}.Debug|x86.Build.0 = Debug|Win32
		{08E0AA88-2157-4845-BC6A-8006D18BD7E3}.Release|x64.ActiveCfg = Release|x64
		{08E0AA88-2157-4845-BC6A-8006D18BD7E3}.Release|x64.Build.0 = Release|x64
		{08E0AA88-2157-4845-BC6A-8006D18BD7E3}.Release|x86.ActiveCfg = Release|Win32
		{08E0AA88-2157-4845-BC6A-8006D18BD7E3}.Release|x86.Build.0 = Release|Win32
		{197E823D-F4D0-4D4D-A713-0B2A768021AA}.Debug|x64.ActiveCfg = Debug|x64
		{197E823D-F4D0-4D4D-A713-0B2A768021AA}.Debug|x64.Build.0 = Debug|x64
		{197E823D-F4D0-4D4D-A713-0B2A768021AA}.Debug|x86.ActiveCfg = Debug|Win32
		{197E823D-F4D0-4D4D-A713-0B2A768021AA}.Debug|x86.Build.0 = Debug|Win32
		{197E823D-F4D0-4D4D-A713-0B2A768021AA}.Release|x64.ActiveCfg = Release|x64
		{197E823D-F4D0-4D4D-A713-0B2A768021AA}.Release|x64.Build.0 = Release|x64
		{197E823D-F4D0-4D4D-A713-0B2A768021AA}.Release|x86.ActiveCfg = Release|Win32
		{197E823D-F4D0-4D4D-A713-0B2A768021AA}.Release|x86.Build.0 = Release|Win32
		{8EA71E71-2840-4A2D-81F1-227875EEF9E2}.Debug|x64.ActiveCfg = Debug|x64
		{8EA71E71-2840-4A2D-81F1-227875EEF9E2}.Debug|x64.Build.0 = Debug|x64
		{8EA71E71-2840-4A2D-81F1-227875EEF9E2}.Debug|x86.ActiveCfg = Debug|Win32
		{8EA71E71-2840-4A2D-81F1-227875EEF9E2}.Debug|x86.Build.0 = Debug|Win32
		{8EA71E71-2840-4A2D-81F1-227875EEF9E2}.Release|x64.ActiveCfg = Release|x64
		{8EA71E71-2840-4A2D-81F1-227875EEF9E2}.Release|x64.Build.0 = Release|x64
		{8EA71E71-2840-4A2D-81F1-227875EEF9E2}.Release|x86.ActiveCfg = Release|Win32
		{8EA71E71-2840-4A2D-81F1-227875EEF9E2}.Release|x86.Build.0 = Release|Win32
		{E399368A-F2DE-4ABF-998C-9C8034289991}.Debug|x64.ActiveCfg = Debug|x64
		{E399368A-F2DE-4ABF-998C-9C8034289991}.Debug|x64.Build.0 = Debug|x64
		{E399368A-F2DE-4ABF-998C-9C8034289991}.Debug|x86.ActiveCfg = Debug|Win32
		{E399368A-F2DE-4ABF-998C-9C8034289991}.Debug|x86.Build.0 = Debug|Win32
		{E399368A-F2DE-4ABF-998C-9C8034289991}.Release|x64.ActiveCfg = Release|x64
		{E399368A-F2DE-4ABF-998C-9C8034289991}.Release|x64.Build.0 = Release|x64
		{E399368A-F2DE-4ABF-998C-9C8034289991}.Release|x86.ActiveCfg = Release|Win32
		{E399368A-F2DE-4ABF-998C-9C8034289991}.Release|x86.Build.0 = Release|Win32
		{60A5429C-66C9-42D0-B8E8-886690C08EDE}.Debug|x64.ActiveCfg = Debug|x64
		{60A5429C-66C9-42D0-B8E8-886690C08EDE}.Debug|x64.Build.0 = Debug|x64
		{60A5429C-66C9-42D0-B8E8-886690C08EDE}.Debug|x86.ActiveCfg = Debug|Win32
		{60A5429C-66C9-42D0-B8E8-886690C08EDE}.Debug|x86.Build.0 = Debug|Win32
		{60A5429C-66C9-42D0-B8E8-886690C08EDE}.Release|x64.ActiveCfg = Release|x64
		{60A5429C-66C9-42D0-B8E8-886690C08EDE}.Release|x64.Build.0 = Release|x64
		{60A5429C-66C9-42D0-B8E8-886690C08EDE}.Release|x86.ActiveCfg = Release|Win32
		{60A5429C-66C9-42D0-B8E8-886690C08EDE}.Release|x86.Build.0 = Release|Win32
		{D32D22DA-D7ED-4E62-8C48-129CCF793B36}.Debug|x64.ActiveCfg = Debug|x64
		{D32D22DA-D7ED-4E62-8C48-129CCF793B36}.Debug|x64.Build.0 = Debug|x64
		{D32D22DA-D7ED-4E62-8C48-129CCF793B36}.Debug|x86.ActiveCfg = Debug|Win32
		{D32D22DA-D7ED-4E62-8C48-129CCF793B36}.Debug|x86.Build.0 = Debug|Win32
		{D32D22DA-D7ED-4E62-8C48-129CCF793B36}.Release|x64.ActiveCfg = Release|x64
		{D32D22DA-D7ED-4E62-8C48-129CCF793B36}.Release|x64.Build.0 = Release|x64
		{D32D22DA-D7ED-4E62-8C48-129CCF793B36}.Release|x86.ActiveCfg = Release|Win32
		{D32D22DA-D7ED-4E62-8C48-129CCF793B36}.Release|x86.Build.0 = Release|Win32
	EndGlobalSection
	GlobalSection(SolutionProperties) = preSolution
		HideSolutionNode = FALSE
	EndGlobalSection
	GlobalSection(ExtensibilityGlobals) = postSolution
		SolutionGuid = {5C55C3A3-5D6C-4623-9047-65D8DDE5EDF2}
	EndGlobalSection
EndGlobal
